%{
  "type_check": {:hex, :type_check, "0.12.0", "629792d9dc074ae501b02de93a2e27848dc4e1664438c79fef6200cb5db455e3", [:mix], [{:credo, "~> 1.5", [hex: :credo, repo: "hexpm", optional: true]}, {:stream_data, "~> 0.5.0", [hex: :stream_data, repo: "hexpm", optional: true]}], "hexpm", "855355843a811213d23057f962850fc053e4caf820afa0bb47d19d3c5dfcda18"},
}
